// !$*UTF8*$!
{
	archiveVersion = 1;
	classes = {
	};
	objectVersion = 56;
	objects = {

/* Begin PBXBuildFile section */
		19C9A3AD2B4E63EF0041BC8E /* UIHelper.swift in Sources */ = {isa = PBXBuildFile; fileRef = 19C9A3AC2B4E63EF0041BC8E /* UIHelper.swift */; };
		19D0684D2B46738D00655B4E /* AppDelegate.swift in Sources */ = {isa = PBXBuildFile; fileRef = 19D0684C2B46738D00655B4E /* AppDelegate.swift */; };
		19D0684F2B46738D00655B4E /* SceneDelegate.swift in Sources */ = {isa = PBXBuildFile; fileRef = 19D0684E2B46738D00655B4E /* SceneDelegate.swift */; };
		19D068562B46738E00655B4E /* Assets.xcassets in Resources */ = {isa = PBXBuildFile; fileRef = 19D068552B46738E00655B4E /* Assets.xcassets */; };
		19D068592B46738E00655B4E /* LaunchScreen.storyboard in Resources */ = {isa = PBXBuildFile; fileRef = 19D068572B46738E00655B4E /* LaunchScreen.storyboard */; };
		19D068612B467AFF00655B4E /* SearchVC.swift in Sources */ = {isa = PBXBuildFile; fileRef = 19D068602B467AFF00655B4E /* SearchVC.swift */; };
		19D068632B467B3B00655B4E /* FavoriteListVC.swift in Sources */ = {isa = PBXBuildFile; fileRef = 19D068622B467B3B00655B4E /* FavoriteListVC.swift */; };
		19D068652B4681EA00655B4E /* GFButton.swift in Sources */ = {isa = PBXBuildFile; fileRef = 19D068642B4681EA00655B4E /* GFButton.swift */; };
		19D068672B4689E400655B4E /* GFTextField.swift in Sources */ = {isa = PBXBuildFile; fileRef = 19D068662B4689E400655B4E /* GFTextField.swift */; };
		19D068692B46A4C300655B4E /* FollowerListVC.swift in Sources */ = {isa = PBXBuildFile; fileRef = 19D068682B46A4C300655B4E /* FollowerListVC.swift */; };
		19D0686B2B46A9D800655B4E /* GFTitleLabel.swift in Sources */ = {isa = PBXBuildFile; fileRef = 19D0686A2B46A9D800655B4E /* GFTitleLabel.swift */; };
		19D0686D2B46AB6A00655B4E /* GFBodyLabel.swift in Sources */ = {isa = PBXBuildFile; fileRef = 19D0686C2B46AB6A00655B4E /* GFBodyLabel.swift */; };
		19D0686F2B46AD8E00655B4E /* GFAlertVC.swift in Sources */ = {isa = PBXBuildFile; fileRef = 19D0686E2B46AD8E00655B4E /* GFAlertVC.swift */; };
		19D068712B46B7B600655B4E /* UIViewController+Ext.swift in Sources */ = {isa = PBXBuildFile; fileRef = 19D068702B46B7B600655B4E /* UIViewController+Ext.swift */; };
		19D068782B46D43500655B4E /* Follower.swift in Sources */ = {isa = PBXBuildFile; fileRef = 19D068772B46D43500655B4E /* Follower.swift */; };
		19D0687B2B46D4C500655B4E /* User.swift in Sources */ = {isa = PBXBuildFile; fileRef = 19D0687A2B46D4C500655B4E /* User.swift */; };
		19D0687E2B46D8E100655B4E /* NetworkManager.swift in Sources */ = {isa = PBXBuildFile; fileRef = 19D0687D2B46D8E100655B4E /* NetworkManager.swift */; };
		19D068832B46E50E00655B4E /* GFError.swift in Sources */ = {isa = PBXBuildFile; fileRef = 19D068822B46E50E00655B4E /* GFError.swift */; };
		19D068862B46EBFD00655B4E /* FollowerCell.swift in Sources */ = {isa = PBXBuildFile; fileRef = 19D068852B46EBFD00655B4E /* FollowerCell.swift */; };
		19D068882B46ECAA00655B4E /* GFAvatarImageView.swift in Sources */ = {isa = PBXBuildFile; fileRef = 19D068872B46ECAA00655B4E /* GFAvatarImageView.swift */; };
/* End PBXBuildFile section */

/* Begin PBXFileReference section */
		19C9A3AC2B4E63EF0041BC8E /* UIHelper.swift */ = {isa = PBXFileReference; lastKnownFileType = sourcecode.swift; path = UIHelper.swift; sourceTree = "<group>"; };
		19D068492B46738D00655B4E /* GithubFollowers.app */ = {isa = PBXFileReference; explicitFileType = wrapper.application; includeInIndex = 0; path = GithubFollowers.app; sourceTree = BUILT_PRODUCTS_DIR; };
		19D0684C2B46738D00655B4E /* AppDelegate.swift */ = {isa = PBXFileReference; lastKnownFileType = sourcecode.swift; path = AppDelegate.swift; sourceTree = "<group>"; };
		19D0684E2B46738D00655B4E /* SceneDelegate.swift */ = {isa = PBXFileReference; lastKnownFileType = sourcecode.swift; path = SceneDelegate.swift; sourceTree = "<group>"; };
		19D068552B46738E00655B4E /* Assets.xcassets */ = {isa = PBXFileReference; lastKnownFileType = folder.assetcatalog; path = Assets.xcassets; sourceTree = "<group>"; };
		19D068582B46738E00655B4E /* Base */ = {isa = PBXFileReference; lastKnownFileType = file.storyboard; name = Base; path = Base.lproj/LaunchScreen.storyboard; sourceTree = "<group>"; };
		19D0685A2B46738E00655B4E /* Info.plist */ = {isa = PBXFileReference; lastKnownFileType = text.plist.xml; path = Info.plist; sourceTree = "<group>"; };
		19D068602B467AFF00655B4E /* SearchVC.swift */ = {isa = PBXFileReference; lastKnownFileType = sourcecode.swift; path = SearchVC.swift; sourceTree = "<group>"; };
		19D068622B467B3B00655B4E /* FavoriteListVC.swift */ = {isa = PBXFileReference; lastKnownFileType = sourcecode.swift; path = FavoriteListVC.swift; sourceTree = "<group>"; };
		19D068642B4681EA00655B4E /* GFButton.swift */ = {isa = PBXFileReference; lastKnownFileType = sourcecode.swift; path = GFButton.swift; sourceTree = "<group>"; };
		19D068662B4689E400655B4E /* GFTextField.swift */ = {isa = PBXFileReference; lastKnownFileType = sourcecode.swift; path = GFTextField.swift; sourceTree = "<group>"; };
		19D068682B46A4C300655B4E /* FollowerListVC.swift */ = {isa = PBXFileReference; lastKnownFileType = sourcecode.swift; path = FollowerListVC.swift; sourceTree = "<group>"; };
		19D0686A2B46A9D800655B4E /* GFTitleLabel.swift */ = {isa = PBXFileReference; lastKnownFileType = sourcecode.swift; path = GFTitleLabel.swift; sourceTree = "<group>"; };
		19D0686C2B46AB6A00655B4E /* GFBodyLabel.swift */ = {isa = PBXFileReference; lastKnownFileType = sourcecode.swift; path = GFBodyLabel.swift; sourceTree = "<group>"; };
		19D0686E2B46AD8E00655B4E /* GFAlertVC.swift */ = {isa = PBXFileReference; lastKnownFileType = sourcecode.swift; path = GFAlertVC.swift; sourceTree = "<group>"; };
		19D068702B46B7B600655B4E /* UIViewController+Ext.swift */ = {isa = PBXFileReference; lastKnownFileType = sourcecode.swift; path = "UIViewController+Ext.swift"; sourceTree = "<group>"; };
		19D068772B46D43500655B4E /* Follower.swift */ = {isa = PBXFileReference; lastKnownFileType = sourcecode.swift; path = Follower.swift; sourceTree = "<group>"; };
		19D0687A2B46D4C500655B4E /* User.swift */ = {isa = PBXFileReference; lastKnownFileType = sourcecode.swift; path = User.swift; sourceTree = "<group>"; };
		19D0687D2B46D8E100655B4E /* NetworkManager.swift */ = {isa = PBXFileReference; lastKnownFileType = sourcecode.swift; path = NetworkManager.swift; sourceTree = "<group>"; };
		19D068822B46E50E00655B4E /* GFError.swift */ = {isa = PBXFileReference; lastKnownFileType = sourcecode.swift; path = GFError.swift; sourceTree = "<group>"; };
		19D068852B46EBFD00655B4E /* FollowerCell.swift */ = {isa = PBXFileReference; lastKnownFileType = sourcecode.swift; path = FollowerCell.swift; sourceTree = "<group>"; };
		19D068872B46ECAA00655B4E /* GFAvatarImageView.swift */ = {isa = PBXFileReference; lastKnownFileType = sourcecode.swift; path = GFAvatarImageView.swift; sourceTree = "<group>"; };
/* End PBXFileReference section */

/* Begin PBXFrameworksBuildPhase section */
		19D068462B46738D00655B4E /* Frameworks */ = {
			isa = PBXFrameworksBuildPhase;
			buildActionMask = 2147483647;
			files = (
			);
			runOnlyForDeploymentPostprocessing = 0;
		};
/* End PBXFrameworksBuildPhase section */

/* Begin PBXGroup section */
		19D068402B46738D00655B4E = {
			isa = PBXGroup;
			children = (
				19D0684B2B46738D00655B4E /* GithubFollowers */,
				19D0684A2B46738D00655B4E /* Products */,
			);
			sourceTree = "<group>";
		};
		19D0684A2B46738D00655B4E /* Products */ = {
			isa = PBXGroup;
			children = (
				19D068492B46738D00655B4E /* GithubFollowers.app */,
			);
			name = Products;
			sourceTree = "<group>";
		};
		19D0684B2B46738D00655B4E /* GithubFollowers */ = {
			isa = PBXGroup;
			children = (
				19D0685A2B46738E00655B4E /* Info.plist */,
				19D0684C2B46738D00655B4E /* AppDelegate.swift */,
				19D0684E2B46738D00655B4E /* SceneDelegate.swift */,
				19D068552B46738E00655B4E /* Assets.xcassets */,
				19D068572B46738E00655B4E /* LaunchScreen.storyboard */,
				19D0687F2B46E44C00655B4E /* Utilities */,
				19D0687C2B46D8C200655B4E /* Managers */,
				19D068762B46D3F800655B4E /* Model */,
				19D068742B46BCFF00655B4E /* Extensions */,
				19D068732B46BCCA00655B4E /* CustomViews */,
				19D068722B46BC7E00655B4E /* Screens */,
			);
			path = GithubFollowers;
			sourceTree = "<group>";
		};
		19D068722B46BC7E00655B4E /* Screens */ = {
			isa = PBXGroup;
			children = (
				19D068682B46A4C300655B4E /* FollowerListVC.swift */,
				19D068622B467B3B00655B4E /* FavoriteListVC.swift */,
				19D068602B467AFF00655B4E /* SearchVC.swift */,
			);
			path = Screens;
			sourceTree = "<group>";
		};
		19D068732B46BCCA00655B4E /* CustomViews */ = {
			isa = PBXGroup;
			children = (
				19D068842B46EBD700655B4E /* Cells */,
				19D0686E2B46AD8E00655B4E /* GFAlertVC.swift */,
				19D068642B4681EA00655B4E /* GFButton.swift */,
				19D068662B4689E400655B4E /* GFTextField.swift */,
				19D0686A2B46A9D800655B4E /* GFTitleLabel.swift */,
				19D0686C2B46AB6A00655B4E /* GFBodyLabel.swift */,
				19D068872B46ECAA00655B4E /* GFAvatarImageView.swift */,
			);
			path = CustomViews;
			sourceTree = "<group>";
		};
		19D068742B46BCFF00655B4E /* Extensions */ = {
			isa = PBXGroup;
			children = (
				19D068702B46B7B600655B4E /* UIViewController+Ext.swift */,
			);
			path = Extensions;
			sourceTree = "<group>";
		};
		19D068762B46D3F800655B4E /* Model */ = {
			isa = PBXGroup;
			children = (
				19D068772B46D43500655B4E /* Follower.swift */,
				19D0687A2B46D4C500655B4E /* User.swift */,
			);
			path = Model;
			sourceTree = "<group>";
		};
		19D0687C2B46D8C200655B4E /* Managers */ = {
			isa = PBXGroup;
			children = (
				19D0687D2B46D8E100655B4E /* NetworkManager.swift */,
			);
			path = Managers;
			sourceTree = "<group>";
		};
		19D0687F2B46E44C00655B4E /* Utilities */ = {
			isa = PBXGroup;
			children = (
				19D068822B46E50E00655B4E /* GFError.swift */,
				19C9A3AC2B4E63EF0041BC8E /* UIHelper.swift */,
			);
			path = Utilities;
			sourceTree = "<group>";
		};
		19D068842B46EBD700655B4E /* Cells */ = {
			isa = PBXGroup;
			children = (
				19D068852B46EBFD00655B4E /* FollowerCell.swift */,
			);
			path = Cells;
			sourceTree = "<group>";
		};
/* End PBXGroup section */

/* Begin PBXNativeTarget section */
		19D068482B46738D00655B4E /* GithubFollowers */ = {
			isa = PBXNativeTarget;
			buildConfigurationList = 19D0685D2B46738E00655B4E /* Build configuration list for PBXNativeTarget "GithubFollowers" */;
			buildPhases = (
				19D068452B46738D00655B4E /* Sources */,
				19D068462B46738D00655B4E /* Frameworks */,
				19D068472B46738D00655B4E /* Resources */,
			);
			buildRules = (
			);
			dependencies = (
			);
			name = GithubFollowers;
			productName = GithubFollowers;
			productReference = 19D068492B46738D00655B4E /* GithubFollowers.app */;
			productType = "com.apple.product-type.application";
		};
/* End PBXNativeTarget section */

/* Begin PBXProject section */
		19D068412B46738D00655B4E /* Project object */ = {
			isa = PBXProject;
			attributes = {
				BuildIndependentTargetsInParallel = 1;
				LastSwiftUpdateCheck = 1510;
				LastUpgradeCheck = 1510;
				TargetAttributes = {
					19D068482B46738D00655B4E = {
						CreatedOnToolsVersion = 15.1;
					};
				};
			};
			buildConfigurationList = 19D068442B46738D00655B4E /* Build configuration list for PBXProject "GithubFollowers" */;
			compatibilityVersion = "Xcode 14.0";
			developmentRegion = en;
			hasScannedForEncodings = 0;
			knownRegions = (
				en,
				Base,
			);
			mainGroup = 19D068402B46738D00655B4E;
			productRefGroup = 19D0684A2B46738D00655B4E /* Products */;
			projectDirPath = "";
			projectRoot = "";
			targets = (
				19D068482B46738D00655B4E /* GithubFollowers */,
			);
		};
/* End PBXProject section */

/* Begin PBXResourcesBuildPhase section */
		19D068472B46738D00655B4E /* Resources */ = {
			isa = PBXResourcesBuildPhase;
			buildActionMask = 2147483647;
			files = (
				19D068592B46738E00655B4E /* LaunchScreen.storyboard in Resources */,
				19D068562B46738E00655B4E /* Assets.xcassets in Resources */,
			);
			runOnlyForDeploymentPostprocessing = 0;
		};
/* End PBXResourcesBuildPhase section */

/* Begin PBXSourcesBuildPhase section */
		19D068452B46738D00655B4E /* Sources */ = {
			isa = PBXSourcesBuildPhase;
			buildActionMask = 2147483647;
			files = (
				19D0687B2B46D4C500655B4E /* User.swift in Sources */,
				19D068672B4689E400655B4E /* GFTextField.swift in Sources */,
				19D068632B467B3B00655B4E /* FavoriteListVC.swift in Sources */,
				19D068652B4681EA00655B4E /* GFButton.swift in Sources */,
				19D068712B46B7B600655B4E /* UIViewController+Ext.swift in Sources */,
				19C9A3AD2B4E63EF0041BC8E /* UIHelper.swift in Sources */,
				19D068882B46ECAA00655B4E /* GFAvatarImageView.swift in Sources */,
				19D068612B467AFF00655B4E /* SearchVC.swift in Sources */,
				19D0686F2B46AD8E00655B4E /* GFAlertVC.swift in Sources */,
				19D068862B46EBFD00655B4E /* FollowerCell.swift in Sources */,
				19D0686D2B46AB6A00655B4E /* GFBodyLabel.swift in Sources */,
				19D068782B46D43500655B4E /* Follower.swift in Sources */,
				19D0686B2B46A9D800655B4E /* GFTitleLabel.swift in Sources */,
				19D0687E2B46D8E100655B4E /* NetworkManager.swift in Sources */,
				19D068832B46E50E00655B4E /* GFError.swift in Sources */,
				19D068692B46A4C300655B4E /* FollowerListVC.swift in Sources */,
				19D0684D2B46738D00655B4E /* AppDelegate.swift in Sources */,
				19D0684F2B46738D00655B4E /* SceneDelegate.swift in Sources */,
			);
			runOnlyForDeploymentPostprocessing = 0;
		};
/* End PBXSourcesBuildPhase section */

/* Begin PBXVariantGroup section */
		19D068572B46738E00655B4E /* LaunchScreen.storyboard */ = {
			isa = PBXVariantGroup;
			children = (
				19D068582B46738E00655B4E /* Base */,
			);
			name = LaunchScreen.storyboard;
			sourceTree = "<group>";
		};
/* End PBXVariantGroup section */

/* Begin XCBuildConfiguration section */
		19D0685B2B46738E00655B4E /* Debug */ = {
			isa = XCBuildConfiguration;
			buildSettings = {
				ALWAYS_SEARCH_USER_PATHS = NO;
				ASSETCATALOG_COMPILER_GENERATE_SWIFT_ASSET_SYMBOL_EXTENSIONS = YES;
				CLANG_ANALYZER_NONNULL = YES;
				CLANG_ANALYZER_NUMBER_OBJECT_CONVERSION = YES_AGGRESSIVE;
				CLANG_CXX_LANGUAGE_STANDARD = "gnu++20";
				CLANG_ENABLE_MODULES = YES;
				CLANG_ENABLE_OBJC_ARC = YES;
				CLANG_ENABLE_OBJC_WEAK = YES;
				CLANG_WARN_BLOCK_CAPTURE_AUTORELEASING = YES;
				CLANG_WARN_BOOL_CONVERSION = YES;
				CLANG_WARN_COMMA = YES;
				CLANG_WARN_CONSTANT_CONVERSION = YES;
				CLANG_WARN_DEPRECATED_OBJC_IMPLEMENTATIONS = YES;
				CLANG_WARN_DIRECT_OBJC_ISA_USAGE = YES_ERROR;
				CLANG_WARN_DOCUMENTATION_COMMENTS = YES;
				CLANG_WARN_EMPTY_BODY = YES;
				CLANG_WARN_ENUM_CONVERSION = YES;
				CLANG_WARN_INFINITE_RECURSION = YES;
				CLANG_WARN_INT_CONVERSION = YES;
				CLANG_WARN_NON_LITERAL_NULL_CONVERSION = YES;
				CLANG_WARN_OBJC_IMPLICIT_RETAIN_SELF = YES;
				CLANG_WARN_OBJC_LITERAL_CONVERSION = YES;
				CLANG_WARN_OBJC_ROOT_CLASS = YES_ERROR;
				CLANG_WARN_QUOTED_INCLUDE_IN_FRAMEWORK_HEADER = YES;
				CLANG_WARN_RANGE_LOOP_ANALYSIS = YES;
				CLANG_WARN_STRICT_PROTOTYPES = YES;
				CLANG_WARN_SUSPICIOUS_MOVE = YES;
				CLANG_WARN_UNGUARDED_AVAILABILITY = YES_AGGRESSIVE;
				CLANG_WARN_UNREACHABLE_CODE = YES;
				CLANG_WARN__DUPLICATE_METHOD_MATCH = YES;
				COPY_PHASE_STRIP = NO;
				DEBUG_INFORMATION_FORMAT = dwarf;
				ENABLE_STRICT_OBJC_MSGSEND = YES;
				ENABLE_TESTABILITY = YES;
				ENABLE_USER_SCRIPT_SANDBOXING = YES;
				GCC_C_LANGUAGE_STANDARD = gnu17;
				GCC_DYNAMIC_NO_PIC = NO;
				GCC_NO_COMMON_BLOCKS = YES;
				GCC_OPTIMIZATION_LEVEL = 0;
				GCC_PREPROCESSOR_DEFINITIONS = (
					"DEBUG=1",
					"$(inherited)",
				);
				GCC_WARN_64_TO_32_BIT_CONVERSION = YES;
				GCC_WARN_ABOUT_RETURN_TYPE = YES_ERROR;
				GCC_WARN_UNDECLARED_SELECTOR = YES;
				GCC_WARN_UNINITIALIZED_AUTOS = YES_AGGRESSIVE;
				GCC_WARN_UNUSED_FUNCTION = YES;
				GCC_WARN_UNUSED_VARIABLE = YES;
				IPHONEOS_DEPLOYMENT_TARGET = 17.2;
				LOCALIZATION_PREFERS_STRING_CATALOGS = YES;
				MTL_ENABLE_DEBUG_INFO = INCLUDE_SOURCE;
				MTL_FAST_MATH = YES;
				ONLY_ACTIVE_ARCH = YES;
				SDKROOT = iphoneos;
				SWIFT_ACTIVE_COMPILATION_CONDITIONS = "DEBUG $(inherited)";
				SWIFT_OPTIMIZATION_LEVEL = "-Onone";
			};
			name = Debug;
		};
		19D0685C2B46738E00655B4E /* Release */ = {
			isa = XCBuildConfiguration;
			buildSettings = {
				ALWAYS_SEARCH_USER_PATHS = NO;
				ASSETCATALOG_COMPILER_GENERATE_SWIFT_ASSET_SYMBOL_EXTENSIONS = YES;
				CLANG_ANALYZER_NONNULL = YES;
				CLANG_ANALYZER_NUMBER_OBJECT_CONVERSION = YES_AGGRESSIVE;
				CLANG_CXX_LANGUAGE_STANDARD = "gnu++20";
				CLANG_ENABLE_MODULES = YES;
				CLANG_ENABLE_OBJC_ARC = YES;
				CLANG_ENABLE_OBJC_WEAK = YES;
				CLANG_WARN_BLOCK_CAPTURE_AUTORELEASING = YES;
				CLANG_WARN_BOOL_CONVERSION = YES;
				CLANG_WARN_COMMA = YES;
				CLANG_WARN_CONSTANT_CONVERSION = YES;
				CLANG_WARN_DEPRECATED_OBJC_IMPLEMENTATIONS = YES;
				CLANG_WARN_DIRECT_OBJC_ISA_USAGE = YES_ERROR;
				CLANG_WARN_DOCUMENTATION_COMMENTS = YES;
				CLANG_WARN_EMPTY_BODY = YES;
				CLANG_WARN_ENUM_CONVERSION = YES;
				CLANG_WARN_INFINITE_RECURSION = YES;
				CLANG_WARN_INT_CONVERSION = YES;
				CLANG_WARN_NON_LITERAL_NULL_CONVERSION = YES;
				CLANG_WARN_OBJC_IMPLICIT_RETAIN_SELF = YES;
				CLANG_WARN_OBJC_LITERAL_CONVERSION = YES;
				CLANG_WARN_OBJC_ROOT_CLASS = YES_ERROR;
				CLANG_WARN_QUOTED_INCLUDE_IN_FRAMEWORK_HEADER = YES;
				CLANG_WARN_RANGE_LOOP_ANALYSIS = YES;
				CLANG_WARN_STRICT_PROTOTYPES = YES;
				CLANG_WARN_SUSPICIOUS_MOVE = YES;
				CLANG_WARN_UNGUARDED_AVAILABILITY = YES_AGGRESSIVE;
				CLANG_WARN_UNREACHABLE_CODE = YES;
				CLANG_WARN__DUPLICATE_METHOD_MATCH = YES;
				COPY_PHASE_STRIP = NO;
				DEBUG_INFORMATION_FORMAT = "dwarf-with-dsym";
				ENABLE_NS_ASSERTIONS = NO;
				ENABLE_STRICT_OBJC_MSGSEND = YES;
				ENABLE_USER_SCRIPT_SANDBOXING = YES;
				GCC_C_LANGUAGE_STANDARD = gnu17;
				GCC_NO_COMMON_BLOCKS = YES;
				GCC_WARN_64_TO_32_BIT_CONVERSION = YES;
				GCC_WARN_ABOUT_RETURN_TYPE = YES_ERROR;
				GCC_WARN_UNDECLARED_SELECTOR = YES;
				GCC_WARN_UNINITIALIZED_AUTOS = YES_AGGRESSIVE;
				GCC_WARN_UNUSED_FUNCTION = YES;
				GCC_WARN_UNUSED_VARIABLE = YES;
				IPHONEOS_DEPLOYMENT_TARGET = 17.2;
				LOCALIZATION_PREFERS_STRING_CATALOGS = YES;
				MTL_ENABLE_DEBUG_INFO = NO;
				MTL_FAST_MATH = YES;
				SDKROOT = iphoneos;
				SWIFT_COMPILATION_MODE = wholemodule;
				VALIDATE_PRODUCT = YES;
			};
			name = Release;
		};
		19D0685E2B46738E00655B4E /* Debug */ = {
			isa = XCBuildConfiguration;
			buildSettings = {
				ASSETCATALOG_COMPILER_APPICON_NAME = AppIcon;
				ASSETCATALOG_COMPILER_GLOBAL_ACCENT_COLOR_NAME = AccentColor;
				CODE_SIGN_STYLE = Automatic;
				CURRENT_PROJECT_VERSION = 1;
				DEVELOPMENT_TEAM = S48JX9BYR7;
				GENERATE_INFOPLIST_FILE = YES;
				INFOPLIST_FILE = GithubFollowers/Info.plist;
				INFOPLIST_KEY_UIApplicationSupportsIndirectInputEvents = YES;
				INFOPLIST_KEY_UILaunchStoryboardName = LaunchScreen;
				INFOPLIST_KEY_UISupportedInterfaceOrientations = UIInterfaceOrientationPortrait;
				INFOPLIST_KEY_UISupportedInterfaceOrientations_iPad = "UIInterfaceOrientationLandscapeLeft UIInterfaceOrientationLandscapeRight UIInterfaceOrientationPortrait UIInterfaceOrientationPortraitUpsideDown";
				IPHONEOS_DEPLOYMENT_TARGET = 13.0;
				LD_RUNPATH_SEARCH_PATHS = (
					"$(inherited)",
					"@executable_path/Frameworks",
				);
				MARKETING_VERSION = 1.0;
				PRODUCT_BUNDLE_IDENTIFIER = com.mahirburakefe.GithubFollowers;
				PRODUCT_NAME = "$(TARGET_NAME)";
				SUPPORTED_PLATFORMS = "iphoneos iphonesimulator";
				SUPPORTS_MACCATALYST = NO;
				SUPPORTS_MAC_DESIGNED_FOR_IPHONE_IPAD = NO;
				SWIFT_EMIT_LOC_STRINGS = YES;
				SWIFT_VERSION = 5.0;
				TARGETED_DEVICE_FAMILY = 1;
			};
			name = Debug;
		};
		19D0685F2B46738E00655B4E /* Release */ = {
			isa = XCBuildConfiguration;
			buildSettings = {
				ASSETCATALOG_COMPILER_APPICON_NAME = AppIcon;
				ASSETCATALOG_COMPILER_GLOBAL_ACCENT_COLOR_NAME = AccentColor;
				CODE_SIGN_STYLE = Automatic;
				CURRENT_PROJECT_VERSION = 1;
				DEVELOPMENT_TEAM = S48JX9BYR7;
				GENERATE_INFOPLIST_FILE = YES;
				INFOPLIST_FILE = GithubFollowers/Info.plist;
				INFOPLIST_KEY_UIApplicationSupportsIndirectInputEvents = YES;
				INFOPLIST_KEY_UILaunchStoryboardName = LaunchScreen;
				INFOPLIST_KEY_UISupportedInterfaceOrientations = UIInterfaceOrientationPortrait;
				INFOPLIST_KEY_UISupportedInterfaceOrientations_iPad = "UIInterfaceOrientationLandscapeLeft UIInterfaceOrientationLandscapeRight UIInterfaceOrientationPortrait UIInterfaceOrientationPortraitUpsideDown";
				IPHONEOS_DEPLOYMENT_TARGET = 13.0;
				LD_RUNPATH_SEARCH_PATHS = (
					"$(inherited)",
					"@executable_path/Frameworks",
				);
				MARKETING_VERSION = 1.0;
				PRODUCT_BUNDLE_IDENTIFIER = com.mahirburakefe.GithubFollowers;
				PRODUCT_NAME = "$(TARGET_NAME)";
				SUPPORTED_PLATFORMS = "iphoneos iphonesimulator";
				SUPPORTS_MACCATALYST = NO;
				SUPPORTS_MAC_DESIGNED_FOR_IPHONE_IPAD = NO;
				SWIFT_EMIT_LOC_STRINGS = YES;
				SWIFT_VERSION = 5.0;
				TARGETED_DEVICE_FAMILY = 1;
			};
			name = Release;
		};
/* End XCBuildConfiguration section */

/* Begin XCConfigurationList section */
		19D068442B46738D00655B4E /* Build configuration list for PBXProject "GithubFollowers" */ = {
			isa = XCConfigurationList;
			buildConfigurations = (
				19D0685B2B46738E00655B4E /* Debug */,
				19D0685C2B46738E00655B4E /* Release */,
			);
			defaultConfigurationIsVisible = 0;
			defaultConfigurationName = Release;
		};
		19D0685D2B46738E00655B4E /* Build configuration list for PBXNativeTarget "GithubFollowers" */ = {
			isa = XCConfigurationList;
			buildConfigurations = (
				19D0685E2B46738E00655B4E /* Debug */,
				19D0685F2B46738E00655B4E /* Release */,
			);
			defaultConfigurationIsVisible = 0;
			defaultConfigurationName = Release;
		};
/* End XCConfigurationList section */
	};
	rootObject = 19D068412B46738D00655B4E /* Project object */;
}
